
Microsoft Visual Studio Solution File, Format Version 12.00
# Visual Studio Version 16
VisualStudioVersion = 16.0.29613.14
MinimumVisualStudioVersion = 10.0.40219.1
Project("{FAE04EC0-301F-11D3-BF4B-00C04F79EFBC}") = "ScriptureJournal", "ScriptureJournal.csproj", "{C8AC4DF5-2184-43EE-8AA5-5B4F9BB16D7D}"
EndProject
Global
	GlobalSection(SolutionConfigurationPlatforms) = preSolution
		Debug|Any CPU = Debug|Any CPU
		Release|Any CPU = Release|Any CPU
	EndGlobalSection
	GlobalSection(ProjectConfigurationPlatforms) = postSolution
		{C8AC4DF5-2184-43EE-8AA5-5B4F9BB16D7D}.Debug|Any CPU.ActiveCfg = Debug|Any CPU
		{C8AC4DF5-2184-43EE-8AA5-5B4F9BB16D7D}.Debug|Any CPU.Build.0 = Debug|Any CPU
		{C8AC4DF5-2184-43EE-8AA5-5B4F9BB16D7D}.Release|Any CPU.ActiveCfg = Release|Any CPU
		{C8AC4DF5-2184-43EE-8AA5-5B4F9BB16D7D}.Release|Any CPU.Build.0 = Release|Any CPU
	EndGlobalSection
	GlobalSection(SolutionProperties) = preSolution
		HideSolutionNode = FALSE
	EndGlobalSection
	GlobalSection(ExtensibilityGlobals) = postSolution
		SolutionGuid = {2BA9B7A2-7DCD-4F59-AEC4-3A96800D9180}
	EndGlobalSection
EndGlobal
